// !$*UTF8*$!
{
	archiveVersion = 1;
	classes = {
	};
	objectVersion = 55;
	objects = {

/* Begin PBXBuildFile section */
		8496E3B22831A52C00DAFD35 /* HomeViewModel.swift in Sources */ = {isa = PBXBuildFile; fileRef = 8496E3B12831A52C00DAFD35 /* HomeViewModel.swift */; };
		8496E3B52831BA4100DAFD35 /* Utility.swift in Sources */ = {isa = PBXBuildFile; fileRef = 8496E3B42831BA4100DAFD35 /* Utility.swift */; };
		8496E3B82831BE9400DAFD35 /* ImageCacher.swift in Sources */ = {isa = PBXBuildFile; fileRef = 8496E3B72831BE9400DAFD35 /* ImageCacher.swift */; };
		8496E3BA2831BED300DAFD35 /* ImageDownloader.swift in Sources */ = {isa = PBXBuildFile; fileRef = 8496E3B92831BED300DAFD35 /* ImageDownloader.swift */; };
		8496E3BC2831C3E700DAFD35 /* HomeViewModelTest.swift in Sources */ = {isa = PBXBuildFile; fileRef = 8496E3BB2831C3E700DAFD35 /* HomeViewModelTest.swift */; };
		84C75A26282D58B900C25624 /* AppDelegate.swift in Sources */ = {isa = PBXBuildFile; fileRef = 84C75A25282D58B900C25624 /* AppDelegate.swift */; };
		84C75A28282D58B900C25624 /* SceneDelegate.swift in Sources */ = {isa = PBXBuildFile; fileRef = 84C75A27282D58B900C25624 /* SceneDelegate.swift */; };
		84C75A2A282D58B900C25624 /* HomeViewController.swift in Sources */ = {isa = PBXBuildFile; fileRef = 84C75A29282D58B900C25624 /* HomeViewController.swift */; };
		84C75A2D282D58B900C25624 /* Main.storyboard in Resources */ = {isa = PBXBuildFile; fileRef = 84C75A2B282D58B900C25624 /* Main.storyboard */; };
		84C75A2F282D58BC00C25624 /* Assets.xcassets in Resources */ = {isa = PBXBuildFile; fileRef = 84C75A2E282D58BC00C25624 /* Assets.xcassets */; };
		84C75A32282D58BC00C25624 /* LaunchScreen.storyboard in Resources */ = {isa = PBXBuildFile; fileRef = 84C75A30282D58BC00C25624 /* LaunchScreen.storyboard */; };
		84C75A3D282D58BC00C25624 /* PhotosGalleryTests.swift in Sources */ = {isa = PBXBuildFile; fileRef = 84C75A3C282D58BC00C25624 /* PhotosGalleryTests.swift */; };
		84C75A47282D58BC00C25624 /* PhotosGalleryUITests.swift in Sources */ = {isa = PBXBuildFile; fileRef = 84C75A46282D58BC00C25624 /* PhotosGalleryUITests.swift */; };
		84C75A49282D58BC00C25624 /* PhotosGalleryUITestsLaunchTests.swift in Sources */ = {isa = PBXBuildFile; fileRef = 84C75A48282D58BC00C25624 /* PhotosGalleryUITestsLaunchTests.swift */; };
		84C75A5A282DB2DA00C25624 /* PhotosCollectionViewController.swift in Sources */ = {isa = PBXBuildFile; fileRef = 84C75A59282DB2DA00C25624 /* PhotosCollectionViewController.swift */; };
		84C75A5C282DB50000C25624 /* PhotoCell.swift in Sources */ = {isa = PBXBuildFile; fileRef = 84C75A5B282DB50000C25624 /* PhotoCell.swift */; };
		84C75A5E282EE4D600C25624 /* CandySpaceBackground.png in Resources */ = {isa = PBXBuildFile; fileRef = 84C75A5D282EE4D600C25624 /* CandySpaceBackground.png */; };
		84C75A65282EEC4400C25624 /* cute-squirrel-use-magnifying-glass-260nw-1451889236.jpg in Resources */ = {isa = PBXBuildFile; fileRef = 84C75A64282EEC4400C25624 /* cute-squirrel-use-magnifying-glass-260nw-1451889236.jpg */; };
		84C75A67282F129E00C25624 /* NetworkManager.swift in Sources */ = {isa = PBXBuildFile; fileRef = 84C75A66282F129D00C25624 /* NetworkManager.swift */; };
		84C75A69282F12D100C25624 /* Endpoints.swift in Sources */ = {isa = PBXBuildFile; fileRef = 84C75A68282F12D100C25624 /* Endpoints.swift */; };
		84C75A6B282F133400C25624 /* ServiceError.swift in Sources */ = {isa = PBXBuildFile; fileRef = 84C75A6A282F133400C25624 /* ServiceError.swift */; };
		84C75A6D282F138100C25624 /* PhotosJsonResponseModel.swift in Sources */ = {isa = PBXBuildFile; fileRef = 84C75A6C282F138100C25624 /* PhotosJsonResponseModel.swift */; };
		84C75A6F282F141800C25624 /* PhotosViewProtocol.swift in Sources */ = {isa = PBXBuildFile; fileRef = 84C75A6E282F141800C25624 /* PhotosViewProtocol.swift */; };
		84C75A71282F143900C25624 /* PhotosViewModel.swift in Sources */ = {isa = PBXBuildFile; fileRef = 84C75A70282F143900C25624 /* PhotosViewModel.swift */; };
		84C75A7A2830649500C25624 /* photo_search.json in Resources */ = {isa = PBXBuildFile; fileRef = 84C75A792830649500C25624 /* photo_search.json */; };
		84C75A7C283065E900C25624 /* MockNetworkManager.swift in Sources */ = {isa = PBXBuildFile; fileRef = 84C75A7B283065E900C25624 /* MockNetworkManager.swift */; };
		84F1BBCF283265FD00DAECDA /* PhotoDetailViewController.swift in Sources */ = {isa = PBXBuildFile; fileRef = 84F1BBCE283265FD00DAECDA /* PhotoDetailViewController.swift */; };
/* End PBXBuildFile section */

/* Begin PBXContainerItemProxy section */
		84C75A39282D58BC00C25624 /* PBXContainerItemProxy */ = {
			isa = PBXContainerItemProxy;
			containerPortal = 84C75A1A282D58B900C25624 /* Project object */;
			proxyType = 1;
			remoteGlobalIDString = 84C75A21282D58B900C25624;
			remoteInfo = PhotosGallery;
		};
		84C75A43282D58BC00C25624 /* PBXContainerItemProxy */ = {
			isa = PBXContainerItemProxy;
			containerPortal = 84C75A1A282D58B900C25624 /* Project object */;
			proxyType = 1;
			remoteGlobalIDString = 84C75A21282D58B900C25624;
			remoteInfo = PhotosGallery;
		};
/* End PBXContainerItemProxy section */

/* Begin PBXFileReference section */
		8496E3B12831A52C00DAFD35 /* HomeViewModel.swift */ = {isa = PBXFileReference; lastKnownFileType = sourcecode.swift; path = HomeViewModel.swift; sourceTree = "<group>"; };
		8496E3B42831BA4100DAFD35 /* Utility.swift */ = {isa = PBXFileReference; lastKnownFileType = sourcecode.swift; path = Utility.swift; sourceTree = "<group>"; };
		8496E3B72831BE9400DAFD35 /* ImageCacher.swift */ = {isa = PBXFileReference; lastKnownFileType = sourcecode.swift; path = ImageCacher.swift; sourceTree = "<group>"; };
		8496E3B92831BED300DAFD35 /* ImageDownloader.swift */ = {isa = PBXFileReference; lastKnownFileType = sourcecode.swift; path = ImageDownloader.swift; sourceTree = "<group>"; };
		8496E3BB2831C3E700DAFD35 /* HomeViewModelTest.swift */ = {isa = PBXFileReference; lastKnownFileType = sourcecode.swift; path = HomeViewModelTest.swift; sourceTree = "<group>"; };
		84C75A22282D58B900C25624 /* PhotosGallery.app */ = {isa = PBXFileReference; explicitFileType = wrapper.application; includeInIndex = 0; path = PhotosGallery.app; sourceTree = BUILT_PRODUCTS_DIR; };
		84C75A25282D58B900C25624 /* AppDelegate.swift */ = {isa = PBXFileReference; lastKnownFileType = sourcecode.swift; path = AppDelegate.swift; sourceTree = "<group>"; };
		84C75A27282D58B900C25624 /* SceneDelegate.swift */ = {isa = PBXFileReference; lastKnownFileType = sourcecode.swift; path = SceneDelegate.swift; sourceTree = "<group>"; };
		84C75A29282D58B900C25624 /* HomeViewController.swift */ = {isa = PBXFileReference; lastKnownFileType = sourcecode.swift; path = HomeViewController.swift; sourceTree = "<group>"; };
		84C75A2C282D58B900C25624 /* Base */ = {isa = PBXFileReference; lastKnownFileType = file.storyboard; name = Base; path = Base.lproj/Main.storyboard; sourceTree = "<group>"; };
		84C75A2E282D58BC00C25624 /* Assets.xcassets */ = {isa = PBXFileReference; lastKnownFileType = folder.assetcatalog; path = Assets.xcassets; sourceTree = "<group>"; };
		84C75A31282D58BC00C25624 /* Base */ = {isa = PBXFileReference; lastKnownFileType = file.storyboard; name = Base; path = Base.lproj/LaunchScreen.storyboard; sourceTree = "<group>"; };
		84C75A33282D58BC00C25624 /* Info.plist */ = {isa = PBXFileReference; lastKnownFileType = text.plist.xml; path = Info.plist; sourceTree = "<group>"; };
		84C75A38282D58BC00C25624 /* PhotosGalleryTests.xctest */ = {isa = PBXFileReference; explicitFileType = wrapper.cfbundle; includeInIndex = 0; path = PhotosGalleryTests.xctest; sourceTree = BUILT_PRODUCTS_DIR; };
		84C75A3C282D58BC00C25624 /* PhotosGalleryTests.swift */ = {isa = PBXFileReference; lastKnownFileType = sourcecode.swift; path = PhotosGalleryTests.swift; sourceTree = "<group>"; };
		84C75A42282D58BC00C25624 /* PhotosGalleryUITests.xctest */ = {isa = PBXFileReference; explicitFileType = wrapper.cfbundle; includeInIndex = 0; path = PhotosGalleryUITests.xctest; sourceTree = BUILT_PRODUCTS_DIR; };
		84C75A46282D58BC00C25624 /* PhotosGalleryUITests.swift */ = {isa = PBXFileReference; lastKnownFileType = sourcecode.swift; path = PhotosGalleryUITests.swift; sourceTree = "<group>"; };
		84C75A48282D58BC00C25624 /* PhotosGalleryUITestsLaunchTests.swift */ = {isa = PBXFileReference; lastKnownFileType = sourcecode.swift; path = PhotosGalleryUITestsLaunchTests.swift; sourceTree = "<group>"; };
		84C75A59282DB2DA00C25624 /* PhotosCollectionViewController.swift */ = {isa = PBXFileReference; lastKnownFileType = sourcecode.swift; path = PhotosCollectionViewController.swift; sourceTree = "<group>"; };
		84C75A5B282DB50000C25624 /* PhotoCell.swift */ = {isa = PBXFileReference; lastKnownFileType = sourcecode.swift; path = PhotoCell.swift; sourceTree = "<group>"; };
		84C75A5D282EE4D600C25624 /* CandySpaceBackground.png */ = {isa = PBXFileReference; lastKnownFileType = image.png; path = CandySpaceBackground.png; sourceTree = "<group>"; };
		84C75A64282EEC4400C25624 /* cute-squirrel-use-magnifying-glass-260nw-1451889236.jpg */ = {isa = PBXFileReference; lastKnownFileType = image.jpeg; path = "cute-squirrel-use-magnifying-glass-260nw-1451889236.jpg"; sourceTree = "<group>"; };
		84C75A66282F129D00C25624 /* NetworkManager.swift */ = {isa = PBXFileReference; lastKnownFileType = sourcecode.swift; path = NetworkManager.swift; sourceTree = "<group>"; };
		84C75A68282F12D100C25624 /* Endpoints.swift */ = {isa = PBXFileReference; lastKnownFileType = sourcecode.swift; path = Endpoints.swift; sourceTree = "<group>"; };
		84C75A6A282F133400C25624 /* ServiceError.swift */ = {isa = PBXFileReference; lastKnownFileType = sourcecode.swift; path = ServiceError.swift; sourceTree = "<group>"; };
		84C75A6C282F138100C25624 /* PhotosJsonResponseModel.swift */ = {isa = PBXFileReference; lastKnownFileType = sourcecode.swift; path = PhotosJsonResponseModel.swift; sourceTree = "<group>"; };
		84C75A6E282F141800C25624 /* PhotosViewProtocol.swift */ = {isa = PBXFileReference; lastKnownFileType = sourcecode.swift; path = PhotosViewProtocol.swift; sourceTree = "<group>"; };
		84C75A70282F143900C25624 /* PhotosViewModel.swift */ = {isa = PBXFileReference; lastKnownFileType = sourcecode.swift; path = PhotosViewModel.swift; sourceTree = "<group>"; };
		84C75A792830649500C25624 /* photo_search.json */ = {isa = PBXFileReference; lastKnownFileType = text.json; path = photo_search.json; sourceTree = "<group>"; };
		84C75A7B283065E900C25624 /* MockNetworkManager.swift */ = {isa = PBXFileReference; lastKnownFileType = sourcecode.swift; path = MockNetworkManager.swift; sourceTree = "<group>"; };
		84F1BBCE283265FD00DAECDA /* PhotoDetailViewController.swift */ = {isa = PBXFileReference; lastKnownFileType = sourcecode.swift; path = PhotoDetailViewController.swift; sourceTree = "<group>"; };
/* End PBXFileReference section */

/* Begin PBXFrameworksBuildPhase section */
		84C75A1F282D58B900C25624 /* Frameworks */ = {
			isa = PBXFrameworksBuildPhase;
			buildActionMask = 2147483647;
			files = (
			);
			runOnlyForDeploymentPostprocessing = 0;
		};
		84C75A35282D58BC00C25624 /* Frameworks */ = {
			isa = PBXFrameworksBuildPhase;
			buildActionMask = 2147483647;
			files = (
			);
			runOnlyForDeploymentPostprocessing = 0;
		};
		84C75A3F282D58BC00C25624 /* Frameworks */ = {
			isa = PBXFrameworksBuildPhase;
			buildActionMask = 2147483647;
			files = (
			);
			runOnlyForDeploymentPostprocessing = 0;
		};
/* End PBXFrameworksBuildPhase section */

/* Begin PBXGroup section */
		8496E3B32831BA1E00DAFD35 /* Utility */ = {
			isa = PBXGroup;
			children = (
				8496E3B42831BA4100DAFD35 /* Utility.swift */,
			);
			path = Utility;
			sourceTree = "<group>";
		};
		8496E3B62831BE4000DAFD35 /* ImageDownloaderCacher */ = {
			isa = PBXGroup;
			children = (
				8496E3B72831BE9400DAFD35 /* ImageCacher.swift */,
				8496E3B92831BED300DAFD35 /* ImageDownloader.swift */,
			);
			path = ImageDownloaderCacher;
			sourceTree = "<group>";
		};
		84C75A19282D58B900C25624 = {
			isa = PBXGroup;
			children = (
				84C75A24282D58B900C25624 /* PhotosGallery */,
				84C75A3B282D58BC00C25624 /* PhotosGalleryTests */,
				84C75A45282D58BC00C25624 /* PhotosGalleryUITests */,
				84C75A23282D58B900C25624 /* Products */,
			);
			sourceTree = "<group>";
		};
		84C75A23282D58B900C25624 /* Products */ = {
			isa = PBXGroup;
			children = (
				84C75A22282D58B900C25624 /* PhotosGallery.app */,
				84C75A38282D58BC00C25624 /* PhotosGalleryTests.xctest */,
				84C75A42282D58BC00C25624 /* PhotosGalleryUITests.xctest */,
			);
			name = Products;
			sourceTree = "<group>";
		};
		84C75A24282D58B900C25624 /* PhotosGallery */ = {
			isa = PBXGroup;
			children = (
				84C75A25282D58B900C25624 /* AppDelegate.swift */,
				84C75A27282D58B900C25624 /* SceneDelegate.swift */,
				84C75A2E282D58BC00C25624 /* Assets.xcassets */,
				84C75A64282EEC4400C25624 /* cute-squirrel-use-magnifying-glass-260nw-1451889236.jpg */,
				84C75A5D282EE4D600C25624 /* CandySpaceBackground.png */,
				84C75A30282D58BC00C25624 /* LaunchScreen.storyboard */,
				84C75A33282D58BC00C25624 /* Info.plist */,
				8496E3B32831BA1E00DAFD35 /* Utility */,
				84C75A55282D596900C25624 /* Model */,
				84C75A56282D597400C25624 /* View */,
				84C75A58282D598900C25624 /* Network */,
				84C75A57282D597D00C25624 /* ViewModel */,
			);
			path = PhotosGallery;
			sourceTree = "<group>";
		};
		84C75A3B282D58BC00C25624 /* PhotosGalleryTests */ = {
			isa = PBXGroup;
			children = (
				84C75A76283062EC00C25624 /* Json */,
				84C75A3C282D58BC00C25624 /* PhotosGalleryTests.swift */,
				84C75A7B283065E900C25624 /* MockNetworkManager.swift */,
				8496E3BB2831C3E700DAFD35 /* HomeViewModelTest.swift */,
			);
			path = PhotosGalleryTests;
			sourceTree = "<group>";
		};
		84C75A45282D58BC00C25624 /* PhotosGalleryUITests */ = {
			isa = PBXGroup;
			children = (
				84C75A46282D58BC00C25624 /* PhotosGalleryUITests.swift */,
				84C75A48282D58BC00C25624 /* PhotosGalleryUITestsLaunchTests.swift */,
			);
			path = PhotosGalleryUITests;
			sourceTree = "<group>";
		};
		84C75A55282D596900C25624 /* Model */ = {
			isa = PBXGroup;
			children = (
				84C75A6C282F138100C25624 /* PhotosJsonResponseModel.swift */,
			);
			path = Model;
			sourceTree = "<group>";
		};
		84C75A56282D597400C25624 /* View */ = {
			isa = PBXGroup;
			children = (
				84C75A2B282D58B900C25624 /* Main.storyboard */,
				84C75A29282D58B900C25624 /* HomeViewController.swift */,
				84C75A59282DB2DA00C25624 /* PhotosCollectionViewController.swift */,
				84C75A5B282DB50000C25624 /* PhotoCell.swift */,
				84F1BBCE283265FD00DAECDA /* PhotoDetailViewController.swift */,
			);
			path = View;
			sourceTree = "<group>";
		};
		84C75A57282D597D00C25624 /* ViewModel */ = {
			isa = PBXGroup;
			children = (
				84C75A6E282F141800C25624 /* PhotosViewProtocol.swift */,
				84C75A70282F143900C25624 /* PhotosViewModel.swift */,
				8496E3B12831A52C00DAFD35 /* HomeViewModel.swift */,
			);
			path = ViewModel;
			sourceTree = "<group>";
		};
		84C75A58282D598900C25624 /* Network */ = {
			isa = PBXGroup;
			children = (
				8496E3B62831BE4000DAFD35 /* ImageDownloaderCacher */,
				84C75A66282F129D00C25624 /* NetworkManager.swift */,
				84C75A68282F12D100C25624 /* Endpoints.swift */,
				84C75A6A282F133400C25624 /* ServiceError.swift */,
			);
			path = Network;
			sourceTree = "<group>";
		};
		84C75A76283062EC00C25624 /* Json */ = {
			isa = PBXGroup;
			children = (
				84C75A792830649500C25624 /* photo_search.json */,
			);
			path = Json;
			sourceTree = "<group>";
		};
/* End PBXGroup section */

/* Begin PBXNativeTarget section */
		84C75A21282D58B900C25624 /* PhotosGallery */ = {
			isa = PBXNativeTarget;
			buildConfigurationList = 84C75A4C282D58BC00C25624 /* Build configuration list for PBXNativeTarget "PhotosGallery" */;
			buildPhases = (
				84C75A1E282D58B900C25624 /* Sources */,
				84C75A1F282D58B900C25624 /* Frameworks */,
				84C75A20282D58B900C25624 /* Resources */,
			);
			buildRules = (
			);
			dependencies = (
			);
			name = PhotosGallery;
			productName = PhotosGallery;
			productReference = 84C75A22282D58B900C25624 /* PhotosGallery.app */;
			productType = "com.apple.product-type.application";
		};
		84C75A37282D58BC00C25624 /* PhotosGalleryTests */ = {
			isa = PBXNativeTarget;
			buildConfigurationList = 84C75A4F282D58BC00C25624 /* Build configuration list for PBXNativeTarget "PhotosGalleryTests" */;
			buildPhases = (
				84C75A34282D58BC00C25624 /* Sources */,
				84C75A35282D58BC00C25624 /* Frameworks */,
				84C75A36282D58BC00C25624 /* Resources */,
			);
			buildRules = (
			);
			dependencies = (
				84C75A3A282D58BC00C25624 /* PBXTargetDependency */,
			);
			name = PhotosGalleryTests;
			productName = PhotosGalleryTests;
			productReference = 84C75A38282D58BC00C25624 /* PhotosGalleryTests.xctest */;
			productType = "com.apple.product-type.bundle.unit-test";
		};
		84C75A41282D58BC00C25624 /* PhotosGalleryUITests */ = {
			isa = PBXNativeTarget;
			buildConfigurationList = 84C75A52282D58BC00C25624 /* Build configuration list for PBXNativeTarget "PhotosGalleryUITests" */;
			buildPhases = (
				84C75A3E282D58BC00C25624 /* Sources */,
				84C75A3F282D58BC00C25624 /* Frameworks */,
				84C75A40282D58BC00C25624 /* Resources */,
			);
			buildRules = (
			);
			dependencies = (
				84C75A44282D58BC00C25624 /* PBXTargetDependency */,
			);
			name = PhotosGalleryUITests;
			productName = PhotosGalleryUITests;
			productReference = 84C75A42282D58BC00C25624 /* PhotosGalleryUITests.xctest */;
			productType = "com.apple.product-type.bundle.ui-testing";
		};
/* End PBXNativeTarget section */

/* Begin PBXProject section */
		84C75A1A282D58B900C25624 /* Project object */ = {
			isa = PBXProject;
			attributes = {
				BuildIndependentTargetsInParallel = 1;
				LastSwiftUpdateCheck = 1330;
				LastUpgradeCheck = 1330;
				TargetAttributes = {
					84C75A21282D58B900C25624 = {
						CreatedOnToolsVersion = 13.3.1;
					};
					84C75A37282D58BC00C25624 = {
						CreatedOnToolsVersion = 13.3.1;
						TestTargetID = 84C75A21282D58B900C25624;
					};
					84C75A41282D58BC00C25624 = {
						CreatedOnToolsVersion = 13.3.1;
						TestTargetID = 84C75A21282D58B900C25624;
					};
				};
			};
			buildConfigurationList = 84C75A1D282D58B900C25624 /* Build configuration list for PBXProject "PhotosGallery" */;
			compatibilityVersion = "Xcode 13.0";
			developmentRegion = en;
			hasScannedForEncodings = 0;
			knownRegions = (
				en,
				Base,
			);
			mainGroup = 84C75A19282D58B900C25624;
			productRefGroup = 84C75A23282D58B900C25624 /* Products */;
			projectDirPath = "";
			projectRoot = "";
			targets = (
				84C75A21282D58B900C25624 /* PhotosGallery */,
				84C75A37282D58BC00C25624 /* PhotosGalleryTests */,
				84C75A41282D58BC00C25624 /* PhotosGalleryUITests */,
			);
		};
/* End PBXProject section */

/* Begin PBXResourcesBuildPhase section */
		84C75A20282D58B900C25624 /* Resources */ = {
			isa = PBXResourcesBuildPhase;
			buildActionMask = 2147483647;
			files = (
				84C75A32282D58BC00C25624 /* LaunchScreen.storyboard in Resources */,
				84C75A2F282D58BC00C25624 /* Assets.xcassets in Resources */,
				84C75A5E282EE4D600C25624 /* CandySpaceBackground.png in Resources */,
				84C75A2D282D58B900C25624 /* Main.storyboard in Resources */,
				84C75A65282EEC4400C25624 /* cute-squirrel-use-magnifying-glass-260nw-1451889236.jpg in Resources */,
			);
			runOnlyForDeploymentPostprocessing = 0;
		};
		84C75A36282D58BC00C25624 /* Resources */ = {
			isa = PBXResourcesBuildPhase;
			buildActionMask = 2147483647;
			files = (
				84C75A7A2830649500C25624 /* photo_search.json in Resources */,
			);
			runOnlyForDeploymentPostprocessing = 0;
		};
		84C75A40282D58BC00C25624 /* Resources */ = {
			isa = PBXResourcesBuildPhase;
			buildActionMask = 2147483647;
			files = (
			);
			runOnlyForDeploymentPostprocessing = 0;
		};
/* End PBXResourcesBuildPhase section */

/* Begin PBXSourcesBuildPhase section */
		84C75A1E282D58B900C25624 /* Sources */ = {
			isa = PBXSourcesBuildPhase;
			buildActionMask = 2147483647;
			files = (
				84C75A6B282F133400C25624 /* ServiceError.swift in Sources */,
				8496E3BA2831BED300DAFD35 /* ImageDownloader.swift in Sources */,
				84C75A67282F129E00C25624 /* NetworkManager.swift in Sources */,
				84C75A71282F143900C25624 /* PhotosViewModel.swift in Sources */,
				84C75A6D282F138100C25624 /* PhotosJsonResponseModel.swift in Sources */,
				84C75A2A282D58B900C25624 /* HomeViewController.swift in Sources */,
				84F1BBCF283265FD00DAECDA /* PhotoDetailViewController.swift in Sources */,
				84C75A5C282DB50000C25624 /* PhotoCell.swift in Sources */,
				84C75A6F282F141800C25624 /* PhotosViewProtocol.swift in Sources */,
				8496E3B52831BA4100DAFD35 /* Utility.swift in Sources */,
				8496E3B22831A52C00DAFD35 /* HomeViewModel.swift in Sources */,
				84C75A69282F12D100C25624 /* Endpoints.swift in Sources */,
				84C75A26282D58B900C25624 /* AppDelegate.swift in Sources */,
				8496E3B82831BE9400DAFD35 /* ImageCacher.swift in Sources */,
				84C75A28282D58B900C25624 /* SceneDelegate.swift in Sources */,
				84C75A5A282DB2DA00C25624 /* PhotosCollectionViewController.swift in Sources */,
			);
			runOnlyForDeploymentPostprocessing = 0;
		};
		84C75A34282D58BC00C25624 /* Sources */ = {
			isa = PBXSourcesBuildPhase;
			buildActionMask = 2147483647;
			files = (
				8496E3BC2831C3E700DAFD35 /* HomeViewModelTest.swift in Sources */,
				84C75A7C283065E900C25624 /* MockNetworkManager.swift in Sources */,
				84C75A3D282D58BC00C25624 /* PhotosGalleryTests.swift in Sources */,
			);
			runOnlyForDeploymentPostprocessing = 0;
		};
		84C75A3E282D58BC00C25624 /* Sources */ = {
			isa = PBXSourcesBuildPhase;
			buildActionMask = 2147483647;
			files = (
				84C75A49282D58BC00C25624 /* PhotosGalleryUITestsLaunchTests.swift in Sources */,
				84C75A47282D58BC00C25624 /* PhotosGalleryUITests.swift in Sources */,
			);
			runOnlyForDeploymentPostprocessing = 0;
		};
/* End PBXSourcesBuildPhase section */

/* Begin PBXTargetDependency section */
		84C75A3A282D58BC00C25624 /* PBXTargetDependency */ = {
			isa = PBXTargetDependency;
			target = 84C75A21282D58B900C25624 /* PhotosGallery */;
			targetProxy = 84C75A39282D58BC00C25624 /* PBXContainerItemProxy */;
		};
		84C75A44282D58BC00C25624 /* PBXTargetDependency */ = {
			isa = PBXTargetDependency;
			target = 84C75A21282D58B900C25624 /* PhotosGallery */;
			targetProxy = 84C75A43282D58BC00C25624 /* PBXContainerItemProxy */;
		};
/* End PBXTargetDependency section */

/* Begin PBXVariantGroup section */
		84C75A2B282D58B900C25624 /* Main.storyboard */ = {
			isa = PBXVariantGroup;
			children = (
				84C75A2C282D58B900C25624 /* Base */,
			);
			name = Main.storyboard;
			sourceTree = "<group>";
		};
		84C75A30282D58BC00C25624 /* LaunchScreen.storyboard */ = {
			isa = PBXVariantGroup;
			children = (
				84C75A31282D58BC00C25624 /* Base */,
			);
			name = LaunchScreen.storyboard;
			sourceTree = "<group>";
		};
/* End PBXVariantGroup section */

/* Begin XCBuildConfiguration section */
		84C75A4A282D58BC00C25624 /* Debug */ = {
			isa = XCBuildConfiguration;
			buildSettings = {
				ALWAYS_SEARCH_USER_PATHS = NO;
				CLANG_ANALYZER_NONNULL = YES;
				CLANG_ANALYZER_NUMBER_OBJECT_CONVERSION = YES_AGGRESSIVE;
				CLANG_CXX_LANGUAGE_STANDARD = "gnu++17";
				CLANG_ENABLE_MODULES = YES;
				CLANG_ENABLE_OBJC_ARC = YES;
				CLANG_ENABLE_OBJC_WEAK = YES;
				CLANG_WARN_BLOCK_CAPTURE_AUTORELEASING = YES;
				CLANG_WARN_BOOL_CONVERSION = YES;
				CLANG_WARN_COMMA = YES;
				CLANG_WARN_CONSTANT_CONVERSION = YES;
				CLANG_WARN_DEPRECATED_OBJC_IMPLEMENTATIONS = YES;
				CLANG_WARN_DIRECT_OBJC_ISA_USAGE = YES_ERROR;
				CLANG_WARN_DOCUMENTATION_COMMENTS = YES;
				CLANG_WARN_EMPTY_BODY = YES;
				CLANG_WARN_ENUM_CONVERSION = YES;
				CLANG_WARN_INFINITE_RECURSION = YES;
				CLANG_WARN_INT_CONVERSION = YES;
				CLANG_WARN_NON_LITERAL_NULL_CONVERSION = YES;
				CLANG_WARN_OBJC_IMPLICIT_RETAIN_SELF = YES;
				CLANG_WARN_OBJC_LITERAL_CONVERSION = YES;
				CLANG_WARN_OBJC_ROOT_CLASS = YES_ERROR;
				CLANG_WARN_QUOTED_INCLUDE_IN_FRAMEWORK_HEADER = YES;
				CLANG_WARN_RANGE_LOOP_ANALYSIS = YES;
				CLANG_WARN_STRICT_PROTOTYPES = YES;
				CLANG_WARN_SUSPICIOUS_MOVE = YES;
				CLANG_WARN_UNGUARDED_AVAILABILITY = YES_AGGRESSIVE;
				CLANG_WARN_UNREACHABLE_CODE = YES;
				CLANG_WARN__DUPLICATE_METHOD_MATCH = YES;
				COPY_PHASE_STRIP = NO;
				DEBUG_INFORMATION_FORMAT = dwarf;
				ENABLE_STRICT_OBJC_MSGSEND = YES;
				ENABLE_TESTABILITY = YES;
				GCC_C_LANGUAGE_STANDARD = gnu11;
				GCC_DYNAMIC_NO_PIC = NO;
				GCC_NO_COMMON_BLOCKS = YES;
				GCC_OPTIMIZATION_LEVEL = 0;
				GCC_PREPROCESSOR_DEFINITIONS = (
					"DEBUG=1",
					"$(inherited)",
				);
				GCC_WARN_64_TO_32_BIT_CONVERSION = YES;
				GCC_WARN_ABOUT_RETURN_TYPE = YES_ERROR;
				GCC_WARN_UNDECLARED_SELECTOR = YES;
				GCC_WARN_UNINITIALIZED_AUTOS = YES_AGGRESSIVE;
				GCC_WARN_UNUSED_FUNCTION = YES;
				GCC_WARN_UNUSED_VARIABLE = YES;
				IPHONEOS_DEPLOYMENT_TARGET = 15.4;
				MTL_ENABLE_DEBUG_INFO = INCLUDE_SOURCE;
				MTL_FAST_MATH = YES;
				ONLY_ACTIVE_ARCH = YES;
				SDKROOT = iphoneos;
				SWIFT_ACTIVE_COMPILATION_CONDITIONS = DEBUG;
				SWIFT_OPTIMIZATION_LEVEL = "-Onone";
			};
			name = Debug;
		};
		84C75A4B282D58BC00C25624 /* Release */ = {
			isa = XCBuildConfiguration;
			buildSettings = {
				ALWAYS_SEARCH_USER_PATHS = NO;
				CLANG_ANALYZER_NONNULL = YES;
				CLANG_ANALYZER_NUMBER_OBJECT_CONVERSION = YES_AGGRESSIVE;
				CLANG_CXX_LANGUAGE_STANDARD = "gnu++17";
				CLANG_ENABLE_MODULES = YES;
				CLANG_ENABLE_OBJC_ARC = YES;
				CLANG_ENABLE_OBJC_WEAK = YES;
				CLANG_WARN_BLOCK_CAPTURE_AUTORELEASING = YES;
				CLANG_WARN_BOOL_CONVERSION = YES;
				CLANG_WARN_COMMA = YES;
				CLANG_WARN_CONSTANT_CONVERSION = YES;
				CLANG_WARN_DEPRECATED_OBJC_IMPLEMENTATIONS = YES;
				CLANG_WARN_DIRECT_OBJC_ISA_USAGE = YES_ERROR;
				CLANG_WARN_DOCUMENTATION_COMMENTS = YES;
				CLANG_WARN_EMPTY_BODY = YES;
				CLANG_WARN_ENUM_CONVERSION = YES;
				CLANG_WARN_INFINITE_RECURSION = YES;
				CLANG_WARN_INT_CONVERSION = YES;
				CLANG_WARN_NON_LITERAL_NULL_CONVERSION = YES;
				CLANG_WARN_OBJC_IMPLICIT_RETAIN_SELF = YES;
				CLANG_WARN_OBJC_LITERAL_CONVERSION = YES;
				CLANG_WARN_OBJC_ROOT_CLASS = YES_ERROR;
				CLANG_WARN_QUOTED_INCLUDE_IN_FRAMEWORK_HEADER = YES;
				CLANG_WARN_RANGE_LOOP_ANALYSIS = YES;
				CLANG_WARN_STRICT_PROTOTYPES = YES;
				CLANG_WARN_SUSPICIOUS_MOVE = YES;
				CLANG_WARN_UNGUARDED_AVAILABILITY = YES_AGGRESSIVE;
				CLANG_WARN_UNREACHABLE_CODE = YES;
				CLANG_WARN__DUPLICATE_METHOD_MATCH = YES;
				COPY_PHASE_STRIP = NO;
				DEBUG_INFORMATION_FORMAT = "dwarf-with-dsym";
				ENABLE_NS_ASSERTIONS = NO;
				ENABLE_STRICT_OBJC_MSGSEND = YES;
				GCC_C_LANGUAGE_STANDARD = gnu11;
				GCC_NO_COMMON_BLOCKS = YES;
				GCC_WARN_64_TO_32_BIT_CONVERSION = YES;
				GCC_WARN_ABOUT_RETURN_TYPE = YES_ERROR;
				GCC_WARN_UNDECLARED_SELECTOR = YES;
				GCC_WARN_UNINITIALIZED_AUTOS = YES_AGGRESSIVE;
				GCC_WARN_UNUSED_FUNCTION = YES;
				GCC_WARN_UNUSED_VARIABLE = YES;
				IPHONEOS_DEPLOYMENT_TARGET = 15.4;
				MTL_ENABLE_DEBUG_INFO = NO;
				MTL_FAST_MATH = YES;
				SDKROOT = iphoneos;
				SWIFT_COMPILATION_MODE = wholemodule;
				SWIFT_OPTIMIZATION_LEVEL = "-O";
				VALIDATE_PRODUCT = YES;
			};
			name = Release;
		};
		84C75A4D282D58BC00C25624 /* Debug */ = {
			isa = XCBuildConfiguration;
			buildSettings = {
				ASSETCATALOG_COMPILER_APPICON_NAME = AppIcon;
				ASSETCATALOG_COMPILER_GLOBAL_ACCENT_COLOR_NAME = AccentColor;
				CODE_SIGN_STYLE = Automatic;
				CURRENT_PROJECT_VERSION = 1;
				GENERATE_INFOPLIST_FILE = YES;
				INFOPLIST_FILE = PhotosGallery/Info.plist;
				INFOPLIST_KEY_UIApplicationSupportsIndirectInputEvents = YES;
				INFOPLIST_KEY_UILaunchStoryboardName = LaunchScreen;
				INFOPLIST_KEY_UIMainStoryboardFile = Main;
				INFOPLIST_KEY_UISupportedInterfaceOrientations_iPad = "UIInterfaceOrientationPortrait UIInterfaceOrientationPortraitUpsideDown UIInterfaceOrientationLandscapeLeft UIInterfaceOrientationLandscapeRight";
				INFOPLIST_KEY_UISupportedInterfaceOrientations_iPhone = "UIInterfaceOrientationPortrait UIInterfaceOrientationLandscapeLeft UIInterfaceOrientationLandscapeRight";
				LD_RUNPATH_SEARCH_PATHS = (
					"$(inherited)",
					"@executable_path/Frameworks",
				);
				MARKETING_VERSION = 1.0;
				PRODUCT_BUNDLE_IDENTIFIER = com.challenge.PhotosGallery;
				PRODUCT_NAME = "$(TARGET_NAME)";
				SWIFT_EMIT_LOC_STRINGS = YES;
				SWIFT_VERSION = 5.0;
				TARGETED_DEVICE_FAMILY = "1,2";
			};
			name = Debug;
		};
		84C75A4E282D58BC00C25624 /* Release */ = {
			isa = XCBuildConfiguration;
			buildSettings = {
				ASSETCATALOG_COMPILER_APPICON_NAME = AppIcon;
				ASSETCATALOG_COMPILER_GLOBAL_ACCENT_COLOR_NAME = AccentColor;
				CODE_SIGN_STYLE = Automatic;
				CURRENT_PROJECT_VERSION = 1;
				GENERATE_INFOPLIST_FILE = YES;
				INFOPLIST_FILE = PhotosGallery/Info.plist;
				INFOPLIST_KEY_UIApplicationSupportsIndirectInputEvents = YES;
				INFOPLIST_KEY_UILaunchStoryboardName = LaunchScreen;
				INFOPLIST_KEY_UIMainStoryboardFile = Main;
				INFOPLIST_KEY_UISupportedInterfaceOrientations_iPad = "UIInterfaceOrientationPortrait UIInterfaceOrientationPortraitUpsideDown UIInterfaceOrientationLandscapeLeft UIInterfaceOrientationLandscapeRight";
				INFOPLIST_KEY_UISupportedInterfaceOrientations_iPhone = "UIInterfaceOrientationPortrait UIInterfaceOrientationLandscapeLeft UIInterfaceOrientationLandscapeRight";
				LD_RUNPATH_SEARCH_PATHS = (
					"$(inherited)",
					"@executable_path/Frameworks",
				);
				MARKETING_VERSION = 1.0;
				PRODUCT_BUNDLE_IDENTIFIER = com.challenge.PhotosGallery;
				PRODUCT_NAME = "$(TARGET_NAME)";
				SWIFT_EMIT_LOC_STRINGS = YES;
				SWIFT_VERSION = 5.0;
				TARGETED_DEVICE_FAMILY = "1,2";
			};
			name = Release;
		};
		84C75A50282D58BC00C25624 /* Debug */ = {
			isa = XCBuildConfiguration;
			buildSettings = {
				ALWAYS_EMBED_SWIFT_STANDARD_LIBRARIES = YES;
				BUNDLE_LOADER = "$(TEST_HOST)";
				CODE_SIGN_STYLE = Automatic;
				CURRENT_PROJECT_VERSION = 1;
				GENERATE_INFOPLIST_FILE = YES;
				IPHONEOS_DEPLOYMENT_TARGET = 15.4;
				MARKETING_VERSION = 1.0;
				PRODUCT_BUNDLE_IDENTIFIER = com.challenge.PhotosGalleryTests;
				PRODUCT_NAME = "$(TARGET_NAME)";
				SWIFT_EMIT_LOC_STRINGS = NO;
				SWIFT_VERSION = 5.0;
				TARGETED_DEVICE_FAMILY = "1,2";
				TEST_HOST = "$(BUILT_PRODUCTS_DIR)/PhotosGallery.app/PhotosGallery";
			};
			name = Debug;
		};
		84C75A51282D58BC00C25624 /* Release */ = {
			isa = XCBuildConfiguration;
			buildSettings = {
				ALWAYS_EMBED_SWIFT_STANDARD_LIBRARIES = YES;
				BUNDLE_LOADER = "$(TEST_HOST)";
				CODE_SIGN_STYLE = Automatic;
				CURRENT_PROJECT_VERSION = 1;
				GENERATE_INFOPLIST_FILE = YES;
				IPHONEOS_DEPLOYMENT_TARGET = 15.4;
				MARKETING_VERSION = 1.0;
				PRODUCT_BUNDLE_IDENTIFIER = com.challenge.PhotosGalleryTests;
				PRODUCT_NAME = "$(TARGET_NAME)";
				SWIFT_EMIT_LOC_STRINGS = NO;
				SWIFT_VERSION = 5.0;
				TARGETED_DEVICE_FAMILY = "1,2";
				TEST_HOST = "$(BUILT_PRODUCTS_DIR)/PhotosGallery.app/PhotosGallery";
			};
			name = Release;
		};
		84C75A53282D58BC00C25624 /* Debug */ = {
			isa = XCBuildConfiguration;
			buildSettings = {
				ALWAYS_EMBED_SWIFT_STANDARD_LIBRARIES = YES;
				CODE_SIGN_STYLE = Automatic;
				CURRENT_PROJECT_VERSION = 1;
				GENERATE_INFOPLIST_FILE = YES;
				MARKETING_VERSION = 1.0;
				PRODUCT_BUNDLE_IDENTIFIER = com.challenge.PhotosGalleryUITests;
				PRODUCT_NAME = "$(TARGET_NAME)";
				SWIFT_EMIT_LOC_STRINGS = NO;
				SWIFT_VERSION = 5.0;
				TARGETED_DEVICE_FAMILY = "1,2";
				TEST_TARGET_NAME = PhotosGallery;
			};
			name = Debug;
		};
		84C75A54282D58BC00C25624 /* Release */ = {
			isa = XCBuildConfiguration;
			buildSettings = {
				ALWAYS_EMBED_SWIFT_STANDARD_LIBRARIES = YES;
				CODE_SIGN_STYLE = Automatic;
				CURRENT_PROJECT_VERSION = 1;
				GENERATE_INFOPLIST_FILE = YES;
				MARKETING_VERSION = 1.0;
				PRODUCT_BUNDLE_IDENTIFIER = com.challenge.PhotosGalleryUITests;
				PRODUCT_NAME = "$(TARGET_NAME)";
				SWIFT_EMIT_LOC_STRINGS = NO;
				SWIFT_VERSION = 5.0;
				TARGETED_DEVICE_FAMILY = "1,2";
				TEST_TARGET_NAME = PhotosGallery;
			};
			name = Release;
		};
/* End XCBuildConfiguration section */

/* Begin XCConfigurationList section */
		84C75A1D282D58B900C25624 /* Build configuration list for PBXProject "PhotosGallery" */ = {
			isa = XCConfigurationList;
			buildConfigurations = (
				84C75A4A282D58BC00C25624 /* Debug */,
				84C75A4B282D58BC00C25624 /* Release */,
			);
			defaultConfigurationIsVisible = 0;
			defaultConfigurationName = Release;
		};
		84C75A4C282D58BC00C25624 /* Build configuration list for PBXNativeTarget "PhotosGallery" */ = {
			isa = XCConfigurationList;
			buildConfigurations = (
				84C75A4D282D58BC00C25624 /* Debug */,
				84C75A4E282D58BC00C25624 /* Release */,
			);
			defaultConfigurationIsVisible = 0;
			defaultConfigurationName = Release;
		};
		84C75A4F282D58BC00C25624 /* Build configuration list for PBXNativeTarget "PhotosGalleryTests" */ = {
			isa = XCConfigurationList;
			buildConfigurations = (
				84C75A50282D58BC00C25624 /* Debug */,
				84C75A51282D58BC00C25624 /* Release */,
			);
			defaultConfigurationIsVisible = 0;
			defaultConfigurationName = Release;
		};
		84C75A52282D58BC00C25624 /* Build configuration list for PBXNativeTarget "PhotosGalleryUITests" */ = {
			isa = XCConfigurationList;
			buildConfigurations = (
				84C75A53282D58BC00C25624 /* Debug */,
				84C75A54282D58BC00C25624 /* Release */,
			);
			defaultConfigurationIsVisible = 0;
			defaultConfigurationName = Release;
		};
/* End XCConfigurationList section */
	};
	rootObject = 84C75A1A282D58B900C25624 /* Project object */;
}
